
Microsoft Visual Studio Solution File, Format Version 12.00
# Visual Studio 2012
Project("{FAE04EC0-301F-11D3-BF4B-00C04F79EFBC}") = "ScriptCs.Net", "ScriptCs.Net\ScriptCs.Net.csproj", "{64FC9B96-D6C2-40D7-B14D-AAC59549EEFE}"
EndProject
Project("{FAE04EC0-301F-11D3-BF4B-00C04F79EFBC}") = "ScriptCs.Net.ConsoleApp", "ScriptCs.Net.ConsoleApp\ScriptCs.Net.ConsoleApp.csproj", "{862E2F7F-0F52-42AA-897B-BA07ACC7D33F}"
EndProject
Global
	GlobalSection(SolutionConfigurationPlatforms) = preSolution
		Debug|Any CPU = Debug|Any CPU
		Release|Any CPU = Release|Any CPU
	EndGlobalSection
	GlobalSection(ProjectConfigurationPlatforms) = postSolution
		{64FC9B96-D6C2-40D7-B14D-AAC59549EEFE}.Debug|Any CPU.ActiveCfg = Debug|Any CPU
		{64FC9B96-D6C2-40D7-B14D-AAC59549EEFE}.Debug|Any CPU.Build.0 = Debug|Any CPU
		{64FC9B96-D6C2-40D7-B14D-AAC59549EEFE}.Release|Any CPU.ActiveCfg = Release|Any CPU
		{64FC9B96-D6C2-40D7-B14D-AAC59549EEFE}.Release|Any CPU.Build.0 = Release|Any CPU
		{862E2F7F-0F52-42AA-897B-BA07ACC7D33F}.Debug|Any CPU.ActiveCfg = Debug|Any CPU
		{862E2F7F-0F52-42AA-897B-BA07ACC7D33F}.Debug|Any CPU.Build.0 = Debug|Any CPU
		{862E2F7F-0F52-42AA-897B-BA07ACC7D33F}.Release|Any CPU.ActiveCfg = Release|Any CPU
		{862E2F7F-0F52-42AA-897B-BA07ACC7D33F}.Release|Any CPU.Build.0 = Release|Any CPU
	EndGlobalSection
	GlobalSection(SolutionProperties) = preSolution
		HideSolutionNode = FALSE
	EndGlobalSection
EndGlobal
